
Microsoft Visual Studio Solution File, Format Version 12.00
# Visual Studio Version 17
VisualStudioVersion = 17.2.33530.394
MinimumVisualStudioVersion = 10.0.40219.1
Project("{FAE04EC0-301F-11D3-BF4B-00C04F79EFBC}") = "CarParkTicket", "CarParkTicket\CarParkTicket.csproj", "{D2EBF786-D2BD-42C8-B1DD-1A922B65B44B}"
EndProject
Project("{FAE04EC0-301F-11D3-BF4B-00C04F79EFBC}") = "CarParkTicketTests", "CarParkTicketTests\CarParkTicketTests.csproj", "{D0DB87BD-431B-472E-B1C3-110812C66E5B}"
EndProject
Global
	GlobalSection(SolutionConfigurationPlatforms) = preSolution
		Debug|Any CPU = Debug|Any CPU
		Release|Any CPU = Release|Any CPU
	EndGlobalSection
	GlobalSection(ProjectConfigurationPlatforms) = postSolution
		{D2EBF786-D2BD-42C8-B1DD-1A922B65B44B}.Debug|Any CPU.ActiveCfg = Debug|Any CPU
		{D2EBF786-D2BD-42C8-B1DD-1A922B65B44B}.Debug|Any CPU.Build.0 = Debug|Any CPU
		{D2EBF786-D2BD-42C8-B1DD-1A922B65B44B}.Release|Any CPU.ActiveCfg = Release|Any CPU
		{D2EBF786-D2BD-42C8-B1DD-1A922B65B44B}.Release|Any CPU.Build.0 = Release|Any CPU
		{D0DB87BD-431B-472E-B1C3-110812C66E5B}.Debug|Any CPU.ActiveCfg = Debug|Any CPU
		{D0DB87BD-431B-472E-B1C3-110812C66E5B}.Debug|Any CPU.Build.0 = Debug|Any CPU
		{D0DB87BD-431B-472E-B1C3-110812C66E5B}.Release|Any CPU.ActiveCfg = Release|Any CPU
		{D0DB87BD-431B-472E-B1C3-110812C66E5B}.Release|Any CPU.Build.0 = Release|Any CPU
	EndGlobalSection
	GlobalSection(SolutionProperties) = preSolution
		HideSolutionNode = FALSE
	EndGlobalSection
	GlobalSection(ExtensibilityGlobals) = postSolution
		SolutionGuid = {0C882538-4675-412F-BDE9-739D74DAF009}
	EndGlobalSection
EndGlobal
